
Microsoft Visual Studio Solution File, Format Version 12.00
# Visual Studio Version 17
VisualStudioVersion = 17.6.33815.320
MinimumVisualStudioVersion = 10.0.40219.1
Project("{FAE04EC0-301F-11D3-BF4B-00C04F79EFBC}") = "ProjetoPicos2", "ProjetoPicos2\ProjetoPicos2.csproj", "{2547C092-FD15-45C3-8E78-212AF3971B61}"
EndProject
Global
	GlobalSection(SolutionConfigurationPlatforms) = preSolution
		Debug|Any CPU = Debug|Any CPU
		Release|Any CPU = Release|Any CPU
	EndGlobalSection
	GlobalSection(ProjectConfigurationPlatforms) = postSolution
		{2547C092-FD15-45C3-8E78-212AF3971B61}.Debug|Any CPU.ActiveCfg = Debug|Any CPU
		{2547C092-FD15-45C3-8E78-212AF3971B61}.Debug|Any CPU.Build.0 = Debug|Any CPU
		{2547C092-FD15-45C3-8E78-212AF3971B61}.Release|Any CPU.ActiveCfg = Release|Any CPU
		{2547C092-FD15-45C3-8E78-212AF3971B61}.Release|Any CPU.Build.0 = Release|Any CPU
	EndGlobalSection
	GlobalSection(SolutionProperties) = preSolution
		HideSolutionNode = FALSE
	EndGlobalSection
	GlobalSection(ExtensibilityGlobals) = postSolution
		SolutionGuid = {A771B9C7-C896-489D-80DD-7156F6E019C8}
	EndGlobalSection
EndGlobal
